<?xml version="1.0" encoding="utf-8"?>
<Project ToolsVersion="4.0" xmlns="http://schemas.microsoft.com/developer/msbuild/2003">
  <ItemGroup>
    <Filter Include="Source Files">
      <UniqueIdentifier>{6AC50651-8347-4ae0-ACCF-23FC704D24B9}</UniqueIdentifier>
      <Extensions>cpp;c;cc;cxx;def;odl;idl;hpj;bat;asm;asmx</Extensions>
    </Filter>
    <Filter Include="Header Files">
      <UniqueIdentifier>{4E28E38B-2A1E-4349-8CFA-D0ACAFA31E92}</UniqueIdentifier>
      <Extensions>h;hpp;hxx;hm;inl;inc;xsd</Extensions>
    </Filter>
    <Filter Include="Resource Files">
      <UniqueIdentifier>{A84E4243-3388-4b02-8FE9-6DEEFB93119D}</UniqueIdentifier>
      <Extensions>rc;ico;cur;bmp;dlg;rc2;rct;bin;rgs;gif;jpg;jpeg;jpe;resx;tiff;tif;png;wav</Extensions>
    </Filter>
  </ItemGroup>
  <ItemGroup>
    <ClInclude Include="HwDataItem.h">
      <Filter>Header Files</Filter>
    </ClInclude>
    <ClInclude Include="PXI2205Util.h">
      <Filter>Header Files</Filter>
    </ClInclude>
    <ClInclude Include="CPCI7432Util.h">
      <Filter>Header Files</Filter>
    </ClInclude>
    <ClInclude Include="CPCI6216Util.h">
      <Filter>Header Files</Filter>
    </ClInclude>
    <ClInclude Include="MIC3612Util.h">
      <Filter>Header Files</Filter>
    </ClInclude>
    <ClInclude Include="ComFrame.h">
      <Filter>Header Files</Filter>
    </ClInclude>
  </ItemGroup>
  <ItemGroup>
    <ClCompile Include="HwDLLMain.cpp">
      <Filter>Source Files</Filter>
    </ClCompile>
    <ClCompile Include="HwTaskInfo.cpp">
      <Filter>Source Files</Filter>
    </ClCompile>
    <ClCompile Include="HwUserApp.cpp">
      <Filter>Source Files</Filter>
    </ClCompile>
    <ClCompile Include="HwRtxSimTask.cpp">
      <Filter>Source Files</Filter>
    </ClCompile>
    <ClCompile Include="PXI2205Util.cpp">
      <Filter>Source Files</Filter>
    </ClCompile>
    <ClCompile Include="CPCI7432Util.cpp">
      <Filter>Source Files</Filter>
    </ClCompile>
    <ClCompile Include="CPCI6216Util.cpp">
      <Filter>Source Files</Filter>
    </ClCompile>
    <ClCompile Include="MIC3612Util.cpp">
      <Filter>Source Files</Filter>
    </ClCompile>
    <ClCompile Include="ComFrame.cpp">
      <Filter>Source Files</Filter>
    </ClCompile>
  </ItemGroup>
  <ItemGroup>
    <Xml Include="ModelConfig.xml" />
  </ItemGroup>
</Project>